
Microsoft Visual Studio Solution File, Format Version 12.00
# Visual Studio 14
VisualStudioVersion = 14.0.25420.1
MinimumVisualStudioVersion = 10.0.40219.1
Project("{FAE04EC0-301F-11D3-BF4B-00C04F79EFBC}") = "Navegacao", "Navegacao\Navegacao\Navegacao.csproj", "{06287442-8E8D-48BB-B643-3A218A67D919}"
EndProject
Project("{FAE04EC0-301F-11D3-BF4B-00C04F79EFBC}") = "Navegacao.Droid", "Navegacao\Navegacao.Droid\Navegacao.Droid.csproj", "{0B5EEDE8-5519-4B45-B50A-73215077B492}"
EndProject
Project("{FAE04EC0-301F-11D3-BF4B-00C04F79EFBC}") = "Navegacao.iOS", "Navegacao\Navegacao.iOS\Navegacao.iOS.csproj", "{4D824D65-BAA6-44EA-B32D-F8C86056C547}"
EndProject
Project("{FAE04EC0-301F-11D3-BF4B-00C04F79EFBC}") = "Navegacao.WinPhone", "Navegacao\Navegacao.WinPhone\Navegacao.WinPhone.csproj", "{F8F3E77D-2410-4172-9AF6-07E9FF47AAA3}"
EndProject
Project("{FAE04EC0-301F-11D3-BF4B-00C04F79EFBC}") = "Navegacao.Windows", "Navegacao\Navegacao.Windows\Navegacao.Windows.csproj", "{73168173-40E2-4FA4-842F-024A3C1BC265}"
EndProject
Global
	GlobalSection(SolutionConfigurationPlatforms) = preSolution
		Ad-Hoc|Any CPU = Ad-Hoc|Any CPU
		Ad-Hoc|ARM = Ad-Hoc|ARM
		Ad-Hoc|iPhone = Ad-Hoc|iPhone
		Ad-Hoc|iPhoneSimulator = Ad-Hoc|iPhoneSimulator
		Ad-Hoc|x64 = Ad-Hoc|x64
		Ad-Hoc|x86 = Ad-Hoc|x86
		AppStore|Any CPU = AppStore|Any CPU
		AppStore|ARM = AppStore|ARM
		AppStore|iPhone = AppStore|iPhone
		AppStore|iPhoneSimulator = AppStore|iPhoneSimulator
		AppStore|x64 = AppStore|x64
		AppStore|x86 = AppStore|x86
		Debug|Any CPU = Debug|Any CPU
		Debug|ARM = Debug|ARM
		Debug|iPhone = Debug|iPhone
		Debug|iPhoneSimulator = Debug|iPhoneSimulator
		Debug|x64 = Debug|x64
		Debug|x86 = Debug|x86
		Release|Any CPU = Release|Any CPU
		Release|ARM = Release|ARM
		Release|iPhone = Release|iPhone
		Release|iPhoneSimulator = Release|iPhoneSimulator
		Release|x64 = Release|x64
		Release|x86 = Release|x86
	EndGlobalSection
	GlobalSection(ProjectConfigurationPlatforms) = postSolution
		{06287442-8E8D-48BB-B643-3A218A67D919}.Ad-Hoc|Any CPU.ActiveCfg = Release|Any CPU
		{06287442-8E8D-48BB-B643-3A218A67D919}.Ad-Hoc|Any CPU.Build.0 = Release|Any CPU
		{06287442-8E8D-48BB-B643-3A218A67D919}.Ad-Hoc|ARM.ActiveCfg = Release|Any CPU
		{06287442-8E8D-48BB-B643-3A218A67D919}.Ad-Hoc|ARM.Build.0 = Release|Any CPU
		{06287442-8E8D-48BB-B643-3A218A67D919}.Ad-Hoc|iPhone.ActiveCfg = Release|Any CPU
		{06287442-8E8D-48BB-B643-3A218A67D919}.Ad-Hoc|iPhone.Build.0 = Release|Any CPU
		{06287442-8E8D-48BB-B643-3A218A67D919}.Ad-Hoc|iPhoneSimulator.ActiveCfg = Release|Any CPU
		{06287442-8E8D-48BB-B643-3A218A67D919}.Ad-Hoc|iPhoneSimulator.Build.0 = Release|Any CPU
		{06287442-8E8D-48BB-B643-3A218A67D919}.Ad-Hoc|x64.ActiveCfg = Release|Any CPU
		{06287442-8E8D-48BB-B643-3A218A67D919}.Ad-Hoc|x64.Build.0 = Release|Any CPU
		{06287442-8E8D-48BB-B643-3A218A67D919}.Ad-Hoc|x86.ActiveCfg = Release|Any CPU
		{06287442-8E8D-48BB-B643-3A218A67D919}.Ad-Hoc|x86.Build.0 = Release|Any CPU
		{06287442-8E8D-48BB-B643-3A218A67D919}.AppStore|Any CPU.ActiveCfg = Release|Any CPU
		{06287442-8E8D-48BB-B643-3A218A67D919}.AppStore|Any CPU.Build.0 = Release|Any CPU
		{06287442-8E8D-48BB-B643-3A218A67D919}.AppStore|ARM.ActiveCfg = Release|Any CPU
		{06287442-8E8D-48BB-B643-3A218A67D919}.AppStore|ARM.Build.0 = Release|Any CPU
		{06287442-8E8D-48BB-B643-3A218A67D919}.AppStore|iPhone.ActiveCfg = Release|Any CPU
		{06287442-8E8D-48BB-B643-3A218A67D919}.AppStore|iPhone.Build.0 = Release|Any CPU
		{06287442-8E8D-48BB-B643-3A218A67D919}.AppStore|iPhoneSimulator.ActiveCfg = Release|Any CPU
		{06287442-8E8D-48BB-B643-3A218A67D919}.AppStore|iPhoneSimulator.Build.0 = Release|Any CPU
		{06287442-8E8D-48BB-B643-3A218A67D919}.AppStore|x64.ActiveCfg = Release|Any CPU
		{06287442-8E8D-48BB-B643-3A218A67D919}.AppStore|x64.Build.0 = Release|Any CPU
		{06287442-8E8D-48BB-B643-3A218A67D919}.AppStore|x86.ActiveCfg = Release|Any CPU
		{06287442-8E8D-48BB-B643-3A218A67D919}.AppStore|x86.Build.0 = Release|Any CPU
		{06287442-8E8D-48BB-B643-3A218A67D919}.Debug|Any CPU.ActiveCfg = Debug|Any CPU
		{06287442-8E8D-48BB-B643-3A218A67D919}.Debug|Any CPU.Build.0 = Debug|Any CPU
		{06287442-8E8D-48BB-B643-3A218A67D919}.Debug|ARM.ActiveCfg = Debug|Any CPU
		{06287442-8E8D-48BB-B643-3A218A67D919}.Debug|ARM.Build.0 = Debug|Any CPU
		{06287442-8E8D-48BB-B643-3A218A67D919}.Debug|iPhone.ActiveCfg = Debug|Any CPU
		{06287442-8E8D-48BB-B643-3A218A67D919}.Debug|iPhone.Build.0 = Debug|Any CPU
		{06287442-8E8D-48BB-B643-3A218A67D919}.Debug|iPhoneSimulator.ActiveCfg = Debug|Any CPU
		{06287442-8E8D-48BB-B643-3A218A67D919}.Debug|iPhoneSimulator.Build.0 = Debug|Any CPU
		{06287442-8E8D-48BB-B643-3A218A67D919}.Debug|x64.ActiveCfg = Debug|Any CPU
		{06287442-8E8D-48BB-B643-3A218A67D919}.Debug|x64.Build.0 = Debug|Any CPU
		{06287442-8E8D-48BB-B643-3A218A67D919}.Debug|x86.ActiveCfg = Debug|Any CPU
		{06287442-8E8D-48BB-B643-3A218A67D919}.Debug|x86.Build.0 = Debug|Any CPU
		{06287442-8E8D-48BB-B643-3A218A67D919}.Release|Any CPU.ActiveCfg = Release|Any CPU
		{06287442-8E8D-48BB-B643-3A218A67D919}.Release|Any CPU.Build.0 = Release|Any CPU
		{06287442-8E8D-48BB-B643-3A218A67D919}.Release|ARM.ActiveCfg = Release|Any CPU
		{06287442-8E8D-48BB-B643-3A218A67D919}.Release|ARM.Build.0 = Release|Any CPU
		{06287442-8E8D-48BB-B643-3A218A67D919}.Release|iPhone.ActiveCfg = Release|Any CPU
		{06287442-8E8D-48BB-B643-3A218A67D919}.Release|iPhone.Build.0 = Release|Any CPU
		{06287442-8E8D-48BB-B643-3A218A67D919}.Release|iPhoneSimulator.ActiveCfg = Release|Any CPU
		{06287442-8E8D-48BB-B643-3A218A67D919}.Release|iPhoneSimulator.Build.0 = Release|Any CPU
		{06287442-8E8D-48BB-B643-3A218A67D919}.Release|x64.ActiveCfg = Release|Any CPU
		{06287442-8E8D-48BB-B643-3A218A67D919}.Release|x64.Build.0 = Release|Any CPU
		{06287442-8E8D-48BB-B643-3A218A67D919}.Release|x86.ActiveCfg = Release|Any CPU
		{06287442-8E8D-48BB-B643-3A218A67D919}.Release|x86.Build.0 = Release|Any CPU
		{0B5EEDE8-5519-4B45-B50A-73215077B492}.Ad-Hoc|Any CPU.ActiveCfg = Release|Any CPU
		{0B5EEDE8-5519-4B45-B50A-73215077B492}.Ad-Hoc|Any CPU.Build.0 = Release|Any CPU
		{0B5EEDE8-5519-4B45-B50A-73215077B492}.Ad-Hoc|Any CPU.Deploy.0 = Release|Any CPU
		{0B5EEDE8-5519-4B45-B50A-73215077B492}.Ad-Hoc|ARM.ActiveCfg = Release|Any CPU
		{0B5EEDE8-5519-4B45-B50A-73215077B492}.Ad-Hoc|ARM.Build.0 = Release|Any CPU
		{0B5EEDE8-5519-4B45-B50A-73215077B492}.Ad-Hoc|ARM.Deploy.0 = Release|Any CPU
		{0B5EEDE8-5519-4B45-B50A-73215077B492}.Ad-Hoc|iPhone.ActiveCfg = Release|Any CPU
		{0B5EEDE8-5519-4B45-B50A-73215077B492}.Ad-Hoc|iPhone.Build.0 = Release|Any CPU
		{0B5EEDE8-5519-4B45-B50A-73215077B492}.Ad-Hoc|iPhone.Deploy.0 = Release|Any CPU
		{0B5EEDE8-5519-4B45-B50A-73215077B492}.Ad-Hoc|iPhoneSimulator.ActiveCfg = Release|Any CPU
		{0B5EEDE8-5519-4B45-B50A-73215077B492}.Ad-Hoc|iPhoneSimulator.Build.0 = Release|Any CPU
		{0B5EEDE8-5519-4B45-B50A-73215077B492}.Ad-Hoc|iPhoneSimulator.Deploy.0 = Release|Any CPU
		{0B5EEDE8-5519-4B45-B50A-73215077B492}.Ad-Hoc|x64.ActiveCfg = Release|Any CPU
		{0B5EEDE8-5519-4B45-B50A-73215077B492}.Ad-Hoc|x64.Build.0 = Release|Any CPU
		{0B5EEDE8-5519-4B45-B50A-73215077B492}.Ad-Hoc|x64.Deploy.0 = Release|Any CPU
		{0B5EEDE8-5519-4B45-B50A-73215077B492}.Ad-Hoc|x86.ActiveCfg = Release|Any CPU
		{0B5EEDE8-5519-4B45-B50A-73215077B492}.Ad-Hoc|x86.Build.0 = Release|Any CPU
		{0B5EEDE8-5519-4B45-B50A-73215077B492}.Ad-Hoc|x86.Deploy.0 = Release|Any CPU
		{0B5EEDE8-5519-4B45-B50A-73215077B492}.AppStore|Any CPU.ActiveCfg = Release|Any CPU
		{0B5EEDE8-5519-4B45-B50A-73215077B492}.AppStore|Any CPU.Build.0 = Release|Any CPU
		{0B5EEDE8-5519-4B45-B50A-73215077B492}.AppStore|Any CPU.Deploy.0 = Release|Any CPU
		{0B5EEDE8-5519-4B45-B50A-73215077B492}.AppStore|ARM.ActiveCfg = Release|Any CPU
		{0B5EEDE8-5519-4B45-B50A-73215077B492}.AppStore|ARM.Build.0 = Release|Any CPU
		{0B5EEDE8-5519-4B45-B50A-73215077B492}.AppStore|ARM.Deploy.0 = Release|Any CPU
		{0B5EEDE8-5519-4B45-B50A-73215077B492}.AppStore|iPhone.ActiveCfg = Release|Any CPU
		{0B5EEDE8-5519-4B45-B50A-73215077B492}.AppStore|iPhone.Build.0 = Release|Any CPU
		{0B5EEDE8-5519-4B45-B50A-73215077B492}.AppStore|iPhone.Deploy.0 = Release|Any CPU
		{0B5EEDE8-5519-4B45-B50A-73215077B492}.AppStore|iPhoneSimulator.ActiveCfg = Release|Any CPU
		{0B5EEDE8-5519-4B45-B50A-73215077B492}.AppStore|iPhoneSimulator.Build.0 = Release|Any CPU
		{0B5EEDE8-5519-4B45-B50A-73215077B492}.AppStore|iPhoneSimulator.Deploy.0 = Release|Any CPU
		{0B5EEDE8-5519-4B45-B50A-73215077B492}.AppStore|x64.ActiveCfg = Release|Any CPU
		{0B5EEDE8-5519-4B45-B50A-73215077B492}.AppStore|x64.Build.0 = Release|Any CPU
		{0B5EEDE8-5519-4B45-B50A-73215077B492}.AppStore|x64.Deploy.0 = Release|Any CPU
		{0B5EEDE8-5519-4B45-B50A-73215077B492}.AppStore|x86.ActiveCfg = Release|Any CPU
		{0B5EEDE8-5519-4B45-B50A-73215077B492}.AppStore|x86.Build.0 = Release|Any CPU
		{0B5EEDE8-5519-4B45-B50A-73215077B492}.AppStore|x86.Deploy.0 = Release|Any CPU
		{0B5EEDE8-5519-4B45-B50A-73215077B492}.Debug|Any CPU.ActiveCfg = Debug|Any CPU
		{0B5EEDE8-5519-4B45-B50A-73215077B492}.Debug|Any CPU.Build.0 = Debug|Any CPU
		{0B5EEDE8-5519-4B45-B50A-73215077B492}.Debug|Any CPU.Deploy.0 = Debug|Any CPU
		{0B5EEDE8-5519-4B45-B50A-73215077B492}.Debug|ARM.ActiveCfg = Debug|Any CPU
		{0B5EEDE8-5519-4B45-B50A-73215077B492}.Debug|ARM.Build.0 = Debug|Any CPU
		{0B5EEDE8-5519-4B45-B50A-73215077B492}.Debug|ARM.Deploy.0 = Debug|Any CPU
		{0B5EEDE8-5519-4B45-B50A-73215077B492}.Debug|iPhone.ActiveCfg = Debug|Any CPU
		{0B5EEDE8-5519-4B45-B50A-73215077B492}.Debug|iPhone.Build.0 = Debug|Any CPU
		{0B5EEDE8-5519-4B45-B50A-73215077B492}.Debug|iPhone.Deploy.0 = Debug|Any CPU
		{0B5EEDE8-5519-4B45-B50A-73215077B492}.Debug|iPhoneSimulator.ActiveCfg = Debug|Any CPU
		{0B5EEDE8-5519-4B45-B50A-73215077B492}.Debug|iPhoneSimulator.Build.0 = Debug|Any CPU
		{0B5EEDE8-5519-4B45-B50A-73215077B492}.Debug|iPhoneSimulator.Deploy.0 = Debug|Any CPU
		{0B5EEDE8-5519-4B45-B50A-73215077B492}.Debug|x64.ActiveCfg = Debug|Any CPU
		{0B5EEDE8-5519-4B45-B50A-73215077B492}.Debug|x64.Build.0 = Debug|Any CPU
		{0B5EEDE8-5519-4B45-B50A-73215077B492}.Debug|x64.Deploy.0 = Debug|Any CPU
		{0B5EEDE8-5519-4B45-B50A-73215077B492}.Debug|x86.ActiveCfg = Debug|Any CPU
		{0B5EEDE8-5519-4B45-B50A-73215077B492}.Debug|x86.Build.0 = Debug|Any CPU
		{0B5EEDE8-5519-4B45-B50A-73215077B492}.Debug|x86.Deploy.0 = Debug|Any CPU
		{0B5EEDE8-5519-4B45-B50A-73215077B492}.Release|Any CPU.ActiveCfg = Release|Any CPU
		{0B5EEDE8-5519-4B45-B50A-73215077B492}.Release|Any CPU.Build.0 = Release|Any CPU
		{0B5EEDE8-5519-4B45-B50A-73215077B492}.Release|Any CPU.Deploy.0 = Release|Any CPU
		{0B5EEDE8-5519-4B45-B50A-73215077B492}.Release|ARM.ActiveCfg = Release|Any CPU
		{0B5EEDE8-5519-4B45-B50A-73215077B492}.Release|ARM.Build.0 = Release|Any CPU
		{0B5EEDE8-5519-4B45-B50A-73215077B492}.Release|ARM.Deploy.0 = Release|Any CPU
		{0B5EEDE8-5519-4B45-B50A-73215077B492}.Release|iPhone.ActiveCfg = Release|Any CPU
		{0B5EEDE8-5519-4B45-B50A-73215077B492}.Release|iPhone.Build.0 = Release|Any CPU
		{0B5EEDE8-5519-4B45-B50A-73215077B492}.Release|iPhone.Deploy.0 = Release|Any CPU
		{0B5EEDE8-5519-4B45-B50A-73215077B492}.Release|iPhoneSimulator.ActiveCfg = Release|Any CPU
		{0B5EEDE8-5519-4B45-B50A-73215077B492}.Release|iPhoneSimulator.Build.0 = Release|Any CPU
		{0B5EEDE8-5519-4B45-B50A-73215077B492}.Release|iPhoneSimulator.Deploy.0 = Release|Any CPU
		{0B5EEDE8-5519-4B45-B50A-73215077B492}.Release|x64.ActiveCfg = Release|Any CPU
		{0B5EEDE8-5519-4B45-B50A-73215077B492}.Release|x64.Build.0 = Release|Any CPU
		{0B5EEDE8-5519-4B45-B50A-73215077B492}.Release|x64.Deploy.0 = Release|Any CPU
		{0B5EEDE8-5519-4B45-B50A-73215077B492}.Release|x86.ActiveCfg = Release|Any CPU
		{0B5EEDE8-5519-4B45-B50A-73215077B492}.Release|x86.Build.0 = Release|Any CPU
		{0B5EEDE8-5519-4B45-B50A-73215077B492}.Release|x86.Deploy.0 = Release|Any CPU
		{4D824D65-BAA6-44EA-B32D-F8C86056C547}.Ad-Hoc|Any CPU.ActiveCfg = Ad-Hoc|iPhone
		{4D824D65-BAA6-44EA-B32D-F8C86056C547}.Ad-Hoc|ARM.ActiveCfg = Ad-Hoc|iPhone
		{4D824D65-BAA6-44EA-B32D-F8C86056C547}.Ad-Hoc|iPhone.ActiveCfg = Ad-Hoc|iPhone
		{4D824D65-BAA6-44EA-B32D-F8C86056C547}.Ad-Hoc|iPhone.Build.0 = Ad-Hoc|iPhone
		{4D824D65-BAA6-44EA-B32D-F8C86056C547}.Ad-Hoc|iPhoneSimulator.ActiveCfg = Ad-Hoc|iPhoneSimulator
		{4D824D65-BAA6-44EA-B32D-F8C86056C547}.Ad-Hoc|iPhoneSimulator.Build.0 = Ad-Hoc|iPhoneSimulator
		{4D824D65-BAA6-44EA-B32D-F8C86056C547}.Ad-Hoc|x64.ActiveCfg = Ad-Hoc|iPhone
		{4D824D65-BAA6-44EA-B32D-F8C86056C547}.Ad-Hoc|x86.ActiveCfg = Ad-Hoc|iPhone
		{4D824D65-BAA6-44EA-B32D-F8C86056C547}.AppStore|Any CPU.ActiveCfg = AppStore|iPhone
		{4D824D65-BAA6-44EA-B32D-F8C86056C547}.AppStore|ARM.ActiveCfg = AppStore|iPhone
		{4D824D65-BAA6-44EA-B32D-F8C86056C547}.AppStore|iPhone.ActiveCfg = AppStore|iPhone
		{4D824D65-BAA6-44EA-B32D-F8C86056C547}.AppStore|iPhone.Build.0 = AppStore|iPhone
		{4D824D65-BAA6-44EA-B32D-F8C86056C547}.AppStore|iPhoneSimulator.ActiveCfg = AppStore|iPhoneSimulator
		{4D824D65-BAA6-44EA-B32D-F8C86056C547}.AppStore|iPhoneSimulator.Build.0 = AppStore|iPhoneSimulator
		{4D824D65-BAA6-44EA-B32D-F8C86056C547}.AppStore|x64.ActiveCfg = AppStore|iPhone
		{4D824D65-BAA6-44EA-B32D-F8C86056C547}.AppStore|x86.ActiveCfg = AppStore|iPhone
		{4D824D65-BAA6-44EA-B32D-F8C86056C547}.Debug|Any CPU.ActiveCfg = Debug|iPhone
		{4D824D65-BAA6-44EA-B32D-F8C86056C547}.Debug|ARM.ActiveCfg = Debug|iPhone
		{4D824D65-BAA6-44EA-B32D-F8C86056C547}.Debug|iPhone.ActiveCfg = Debug|iPhone
		{4D824D65-BAA6-44EA-B32D-F8C86056C547}.Debug|iPhone.Build.0 = Debug|iPhone
		{4D824D65-BAA6-44EA-B32D-F8C86056C547}.Debug|iPhoneSimulator.ActiveCfg = Debug|iPhoneSimulator
		{4D824D65-BAA6-44EA-B32D-F8C86056C547}.Debug|iPhoneSimulator.Build.0 = Debug|iPhoneSimulator
		{4D824D65-BAA6-44EA-B32D-F8C86056C547}.Debug|x64.ActiveCfg = Debug|iPhone
		{4D824D65-BAA6-44EA-B32D-F8C86056C547}.Debug|x86.ActiveCfg = Debug|iPhone
		{4D824D65-BAA6-44EA-B32D-F8C86056C547}.Release|Any CPU.ActiveCfg = Release|iPhone
		{4D824D65-BAA6-44EA-B32D-F8C86056C547}.Release|ARM.ActiveCfg = Release|iPhone
		{4D824D65-BAA6-44EA-B32D-F8C86056C547}.Release|iPhone.ActiveCfg = Release|iPhone
		{4D824D65-BAA6-44EA-B32D-F8C86056C547}.Release|iPhone.Build.0 = Release|iPhone
		{4D824D65-BAA6-44EA-B32D-F8C86056C547}.Release|iPhoneSimulator.ActiveCfg = Release|iPhoneSimulator
		{4D824D65-BAA6-44EA-B32D-F8C86056C547}.Release|iPhoneSimulator.Build.0 = Release|iPhoneSimulator
		{4D824D65-BAA6-44EA-B32D-F8C86056C547}.Release|x64.ActiveCfg = Release|iPhone
		{4D824D65-BAA6-44EA-B32D-F8C86056C547}.Release|x86.ActiveCfg = Release|iPhone
		{F8F3E77D-2410-4172-9AF6-07E9FF47AAA3}.Ad-Hoc|Any CPU.ActiveCfg = Release|Any CPU
		{F8F3E77D-2410-4172-9AF6-07E9FF47AAA3}.Ad-Hoc|Any CPU.Build.0 = Release|Any CPU
		{F8F3E77D-2410-4172-9AF6-07E9FF47AAA3}.Ad-Hoc|Any CPU.Deploy.0 = Release|Any CPU
		{F8F3E77D-2410-4172-9AF6-07E9FF47AAA3}.Ad-Hoc|ARM.ActiveCfg = Release|ARM
		{F8F3E77D-2410-4172-9AF6-07E9FF47AAA3}.Ad-Hoc|ARM.Build.0 = Release|ARM
		{F8F3E77D-2410-4172-9AF6-07E9FF47AAA3}.Ad-Hoc|ARM.Deploy.0 = Release|ARM
		{F8F3E77D-2410-4172-9AF6-07E9FF47AAA3}.Ad-Hoc|iPhone.ActiveCfg = Release|Any CPU
		{F8F3E77D-2410-4172-9AF6-07E9FF47AAA3}.Ad-Hoc|iPhone.Build.0 = Release|Any CPU
		{F8F3E77D-2410-4172-9AF6-07E9FF47AAA3}.Ad-Hoc|iPhone.Deploy.0 = Release|Any CPU
		{F8F3E77D-2410-4172-9AF6-07E9FF47AAA3}.Ad-Hoc|iPhoneSimulator.ActiveCfg = Release|Any CPU
		{F8F3E77D-2410-4172-9AF6-07E9FF47AAA3}.Ad-Hoc|iPhoneSimulator.Build.0 = Release|Any CPU
		{F8F3E77D-2410-4172-9AF6-07E9FF47AAA3}.Ad-Hoc|iPhoneSimulator.Deploy.0 = Release|Any CPU
		{F8F3E77D-2410-4172-9AF6-07E9FF47AAA3}.Ad-Hoc|x64.ActiveCfg = Release|Any CPU
		{F8F3E77D-2410-4172-9AF6-07E9FF47AAA3}.Ad-Hoc|x64.Build.0 = Release|Any CPU
		{F8F3E77D-2410-4172-9AF6-07E9FF47AAA3}.Ad-Hoc|x64.Deploy.0 = Release|Any CPU
		{F8F3E77D-2410-4172-9AF6-07E9FF47AAA3}.Ad-Hoc|x86.ActiveCfg = Release|x86
		{F8F3E77D-2410-4172-9AF6-07E9FF47AAA3}.Ad-Hoc|x86.Build.0 = Release|x86
		{F8F3E77D-2410-4172-9AF6-07E9FF47AAA3}.Ad-Hoc|x86.Deploy.0 = Release|x86
		{F8F3E77D-2410-4172-9AF6-07E9FF47AAA3}.AppStore|Any CPU.ActiveCfg = Release|Any CPU
		{F8F3E77D-2410-4172-9AF6-07E9FF47AAA3}.AppStore|Any CPU.Build.0 = Release|Any CPU
		{F8F3E77D-2410-4172-9AF6-07E9FF47AAA3}.AppStore|Any CPU.Deploy.0 = Release|Any CPU
		{F8F3E77D-2410-4172-9AF6-07E9FF47AAA3}.AppStore|ARM.ActiveCfg = Release|ARM
		{F8F3E77D-2410-4172-9AF6-07E9FF47AAA3}.AppStore|ARM.Build.0 = Release|ARM
		{F8F3E77D-2410-4172-9AF6-07E9FF47AAA3}.AppStore|ARM.Deploy.0 = Release|ARM
		{F8F3E77D-2410-4172-9AF6-07E9FF47AAA3}.AppStore|iPhone.ActiveCfg = Release|Any CPU
		{F8F3E77D-2410-4172-9AF6-07E9FF47AAA3}.AppStore|iPhone.Build.0 = Release|Any CPU
		{F8F3E77D-2410-4172-9AF6-07E9FF47AAA3}.AppStore|iPhone.Deploy.0 = Release|Any CPU
		{F8F3E77D-2410-4172-9AF6-07E9FF47AAA3}.AppStore|iPhoneSimulator.ActiveCfg = Release|Any CPU
		{F8F3E77D-2410-4172-9AF6-07E9FF47AAA3}.AppStore|iPhoneSimulator.Build.0 = Release|Any CPU
		{F8F3E77D-2410-4172-9AF6-07E9FF47AAA3}.AppStore|iPhoneSimulator.Deploy.0 = Release|Any CPU
		{F8F3E77D-2410-4172-9AF6-07E9FF47AAA3}.AppStore|x64.ActiveCfg = Release|Any CPU
		{F8F3E77D-2410-4172-9AF6-07E9FF47AAA3}.AppStore|x64.Build.0 = Release|Any CPU
		{F8F3E77D-2410-4172-9AF6-07E9FF47AAA3}.AppStore|x64.Deploy.0 = Release|Any CPU
		{F8F3E77D-2410-4172-9AF6-07E9FF47AAA3}.AppStore|x86.ActiveCfg = Release|x86
		{F8F3E77D-2410-4172-9AF6-07E9FF47AAA3}.AppStore|x86.Build.0 = Release|x86
		{F8F3E77D-2410-4172-9AF6-07E9FF47AAA3}.AppStore|x86.Deploy.0 = Release|x86
		{F8F3E77D-2410-4172-9AF6-07E9FF47AAA3}.Debug|Any CPU.ActiveCfg = Debug|Any CPU
		{F8F3E77D-2410-4172-9AF6-07E9FF47AAA3}.Debug|Any CPU.Build.0 = Debug|Any CPU
		{F8F3E77D-2410-4172-9AF6-07E9FF47AAA3}.Debug|Any CPU.Deploy.0 = Debug|Any CPU
		{F8F3E77D-2410-4172-9AF6-07E9FF47AAA3}.Debug|ARM.ActiveCfg = Debug|ARM
		{F8F3E77D-2410-4172-9AF6-07E9FF47AAA3}.Debug|ARM.Build.0 = Debug|ARM
		{F8F3E77D-2410-4172-9AF6-07E9FF47AAA3}.Debug|ARM.Deploy.0 = Debug|ARM
		{F8F3E77D-2410-4172-9AF6-07E9FF47AAA3}.Debug|iPhone.ActiveCfg = Debug|Any CPU
		{F8F3E77D-2410-4172-9AF6-07E9FF47AAA3}.Debug|iPhone.Build.0 = Debug|Any CPU
		{F8F3E77D-2410-4172-9AF6-07E9FF47AAA3}.Debug|iPhone.Deploy.0 = Debug|Any CPU
		{F8F3E77D-2410-4172-9AF6-07E9FF47AAA3}.Debug|iPhoneSimulator.ActiveCfg = Debug|Any CPU
		{F8F3E77D-2410-4172-9AF6-07E9FF47AAA3}.Debug|iPhoneSimulator.Build.0 = Debug|Any CPU
		{F8F3E77D-2410-4172-9AF6-07E9FF47AAA3}.Debug|iPhoneSimulator.Deploy.0 = Debug|Any CPU
		{F8F3E77D-2410-4172-9AF6-07E9FF47AAA3}.Debug|x64.ActiveCfg = Debug|Any CPU
		{F8F3E77D-2410-4172-9AF6-07E9FF47AAA3}.Debug|x64.Build.0 = Debug|Any CPU
		{F8F3E77D-2410-4172-9AF6-07E9FF47AAA3}.Debug|x64.Deploy.0 = Debug|Any CPU
		{F8F3E77D-2410-4172-9AF6-07E9FF47AAA3}.Debug|x86.ActiveCfg = Debug|x86
		{F8F3E77D-2410-4172-9AF6-07E9FF47AAA3}.Debug|x86.Build.0 = Debug|x86
		{F8F3E77D-2410-4172-9AF6-07E9FF47AAA3}.Debug|x86.Deploy.0 = Debug|x86
		{F8F3E77D-2410-4172-9AF6-07E9FF47AAA3}.Release|Any CPU.ActiveCfg = Release|Any CPU
		{F8F3E77D-2410-4172-9AF6-07E9FF47AAA3}.Release|Any CPU.Build.0 = Release|Any CPU
		{F8F3E77D-2410-4172-9AF6-07E9FF47AAA3}.Release|Any CPU.Deploy.0 = Release|Any CPU
		{F8F3E77D-2410-4172-9AF6-07E9FF47AAA3}.Release|ARM.ActiveCfg = Release|ARM
		{F8F3E77D-2410-4172-9AF6-07E9FF47AAA3}.Release|ARM.Build.0 = Release|ARM
		{F8F3E77D-2410-4172-9AF6-07E9FF47AAA3}.Release|ARM.Deploy.0 = Release|ARM
		{F8F3E77D-2410-4172-9AF6-07E9FF47AAA3}.Release|iPhone.ActiveCfg = Release|Any CPU
		{F8F3E77D-2410-4172-9AF6-07E9FF47AAA3}.Release|iPhone.Build.0 = Release|Any CPU
		{F8F3E77D-2410-4172-9AF6-07E9FF47AAA3}.Release|iPhone.Deploy.0 = Release|Any CPU
		{F8F3E77D-2410-4172-9AF6-07E9FF47AAA3}.Release|iPhoneSimulator.ActiveCfg = Release|Any CPU
		{F8F3E77D-2410-4172-9AF6-07E9FF47AAA3}.Release|iPhoneSimulator.Build.0 = Release|Any CPU
		{F8F3E77D-2410-4172-9AF6-07E9FF47AAA3}.Release|iPhoneSimulator.Deploy.0 = Release|Any CPU
		{F8F3E77D-2410-4172-9AF6-07E9FF47AAA3}.Release|x64.ActiveCfg = Release|Any CPU
		{F8F3E77D-2410-4172-9AF6-07E9FF47AAA3}.Release|x64.Build.0 = Release|Any CPU
		{F8F3E77D-2410-4172-9AF6-07E9FF47AAA3}.Release|x64.Deploy.0 = Release|Any CPU
		{F8F3E77D-2410-4172-9AF6-07E9FF47AAA3}.Release|x86.ActiveCfg = Release|x86
		{F8F3E77D-2410-4172-9AF6-07E9FF47AAA3}.Release|x86.Build.0 = Release|x86
		{F8F3E77D-2410-4172-9AF6-07E9FF47AAA3}.Release|x86.Deploy.0 = Release|x86
		{73168173-40E2-4FA4-842F-024A3C1BC265}.Ad-Hoc|Any CPU.ActiveCfg = Release|Any CPU
		{73168173-40E2-4FA4-842F-024A3C1BC265}.Ad-Hoc|Any CPU.Build.0 = Release|Any CPU
		{73168173-40E2-4FA4-842F-024A3C1BC265}.Ad-Hoc|Any CPU.Deploy.0 = Release|Any CPU
		{73168173-40E2-4FA4-842F-024A3C1BC265}.Ad-Hoc|ARM.ActiveCfg = Release|ARM
		{73168173-40E2-4FA4-842F-024A3C1BC265}.Ad-Hoc|ARM.Build.0 = Release|ARM
		{73168173-40E2-4FA4-842F-024A3C1BC265}.Ad-Hoc|ARM.Deploy.0 = Release|ARM
		{73168173-40E2-4FA4-842F-024A3C1BC265}.Ad-Hoc|iPhone.ActiveCfg = Release|Any CPU
		{73168173-40E2-4FA4-842F-024A3C1BC265}.Ad-Hoc|iPhone.Build.0 = Release|Any CPU
		{73168173-40E2-4FA4-842F-024A3C1BC265}.Ad-Hoc|iPhone.Deploy.0 = Release|Any CPU
		{73168173-40E2-4FA4-842F-024A3C1BC265}.Ad-Hoc|iPhoneSimulator.ActiveCfg = Release|Any CPU
		{73168173-40E2-4FA4-842F-024A3C1BC265}.Ad-Hoc|iPhoneSimulator.Build.0 = Release|Any CPU
		{73168173-40E2-4FA4-842F-024A3C1BC265}.Ad-Hoc|iPhoneSimulator.Deploy.0 = Release|Any CPU
		{73168173-40E2-4FA4-842F-024A3C1BC265}.Ad-Hoc|x64.ActiveCfg = Release|x64
		{73168173-40E2-4FA4-842F-024A3C1BC265}.Ad-Hoc|x64.Build.0 = Release|x64
		{73168173-40E2-4FA4-842F-024A3C1BC265}.Ad-Hoc|x64.Deploy.0 = Release|x64
		{73168173-40E2-4FA4-842F-024A3C1BC265}.Ad-Hoc|x86.ActiveCfg = Release|x86
		{73168173-40E2-4FA4-842F-024A3C1BC265}.Ad-Hoc|x86.Build.0 = Release|x86
		{73168173-40E2-4FA4-842F-024A3C1BC265}.Ad-Hoc|x86.Deploy.0 = Release|x86
		{73168173-40E2-4FA4-842F-024A3C1BC265}.AppStore|Any CPU.ActiveCfg = Release|Any CPU
		{73168173-40E2-4FA4-842F-024A3C1BC265}.AppStore|Any CPU.Build.0 = Release|Any CPU
		{73168173-40E2-4FA4-842F-024A3C1BC265}.AppStore|Any CPU.Deploy.0 = Release|Any CPU
		{73168173-40E2-4FA4-842F-024A3C1BC265}.AppStore|ARM.ActiveCfg = Release|ARM
		{73168173-40E2-4FA4-842F-024A3C1BC265}.AppStore|ARM.Build.0 = Release|ARM
		{73168173-40E2-4FA4-842F-024A3C1BC265}.AppStore|ARM.Deploy.0 = Release|ARM
		{73168173-40E2-4FA4-842F-024A3C1BC265}.AppStore|iPhone.ActiveCfg = Release|Any CPU
		{73168173-40E2-4FA4-842F-024A3C1BC265}.AppStore|iPhone.Build.0 = Release|Any CPU
		{73168173-40E2-4FA4-842F-024A3C1BC265}.AppStore|iPhone.Deploy.0 = Release|Any CPU
		{73168173-40E2-4FA4-842F-024A3C1BC265}.AppStore|iPhoneSimulator.ActiveCfg = Release|Any CPU
		{73168173-40E2-4FA4-842F-024A3C1BC265}.AppStore|iPhoneSimulator.Build.0 = Release|Any CPU
		{73168173-40E2-4FA4-842F-024A3C1BC265}.AppStore|iPhoneSimulator.Deploy.0 = Release|Any CPU
		{73168173-40E2-4FA4-842F-024A3C1BC265}.AppStore|x64.ActiveCfg = Release|x64
		{73168173-40E2-4FA4-842F-024A3C1BC265}.AppStore|x64.Build.0 = Release|x64
		{73168173-40E2-4FA4-842F-024A3C1BC265}.AppStore|x64.Deploy.0 = Release|x64
		{73168173-40E2-4FA4-842F-024A3C1BC265}.AppStore|x86.ActiveCfg = Release|x86
		{73168173-40E2-4FA4-842F-024A3C1BC265}.AppStore|x86.Build.0 = Release|x86
		{73168173-40E2-4FA4-842F-024A3C1BC265}.AppStore|x86.Deploy.0 = Release|x86
		{73168173-40E2-4FA4-842F-024A3C1BC265}.Debug|Any CPU.ActiveCfg = Debug|Any CPU
		{73168173-40E2-4FA4-842F-024A3C1BC265}.Debug|Any CPU.Build.0 = Debug|Any CPU
		{73168173-40E2-4FA4-842F-024A3C1BC265}.Debug|Any CPU.Deploy.0 = Debug|Any CPU
		{73168173-40E2-4FA4-842F-024A3C1BC265}.Debug|ARM.ActiveCfg = Debug|ARM
		{73168173-40E2-4FA4-842F-024A3C1BC265}.Debug|ARM.Build.0 = Debug|ARM
		{73168173-40E2-4FA4-842F-024A3C1BC265}.Debug|ARM.Deploy.0 = Debug|ARM
		{73168173-40E2-4FA4-842F-024A3C1BC265}.Debug|iPhone.ActiveCfg = Debug|Any CPU
		{73168173-40E2-4FA4-842F-024A3C1BC265}.Debug|iPhone.Build.0 = Debug|Any CPU
		{73168173-40E2-4FA4-842F-024A3C1BC265}.Debug|iPhone.Deploy.0 = Debug|Any CPU
		{73168173-40E2-4FA4-842F-024A3C1BC265}.Debug|iPhoneSimulator.ActiveCfg = Debug|Any CPU
		{73168173-40E2-4FA4-842F-024A3C1BC265}.Debug|iPhoneSimulator.Build.0 = Debug|Any CPU
		{73168173-40E2-4FA4-842F-024A3C1BC265}.Debug|iPhoneSimulator.Deploy.0 = Debug|Any CPU
		{73168173-40E2-4FA4-842F-024A3C1BC265}.Debug|x64.ActiveCfg = Debug|x64
		{73168173-40E2-4FA4-842F-024A3C1BC265}.Debug|x64.Build.0 = Debug|x64
		{73168173-40E2-4FA4-842F-024A3C1BC265}.Debug|x64.Deploy.0 = Debug|x64
		{73168173-40E2-4FA4-842F-024A3C1BC265}.Debug|x86.ActiveCfg = Debug|x86
		{73168173-40E2-4FA4-842F-024A3C1BC265}.Debug|x86.Build.0 = Debug|x86
		{73168173-40E2-4FA4-842F-024A3C1BC265}.Debug|x86.Deploy.0 = Debug|x86
		{73168173-40E2-4FA4-842F-024A3C1BC265}.Release|Any CPU.ActiveCfg = Release|Any CPU
		{73168173-40E2-4FA4-842F-024A3C1BC265}.Release|Any CPU.Build.0 = Release|Any CPU
		{73168173-40E2-4FA4-842F-024A3C1BC265}.Release|Any CPU.Deploy.0 = Release|Any CPU
		{73168173-40E2-4FA4-842F-024A3C1BC265}.Release|ARM.ActiveCfg = Release|ARM
		{73168173-40E2-4FA4-842F-024A3C1BC265}.Release|ARM.Build.0 = Release|ARM
		{73168173-40E2-4FA4-842F-024A3C1BC265}.Release|ARM.Deploy.0 = Release|ARM
		{73168173-40E2-4FA4-842F-024A3C1BC265}.Release|iPhone.ActiveCfg = Release|Any CPU
		{73168173-40E2-4FA4-842F-024A3C1BC265}.Release|iPhone.Build.0 = Release|Any CPU
		{73168173-40E2-4FA4-842F-024A3C1BC265}.Release|iPhone.Deploy.0 = Release|Any CPU
		{73168173-40E2-4FA4-842F-024A3C1BC265}.Release|iPhoneSimulator.ActiveCfg = Release|Any CPU
		{73168173-40E2-4FA4-842F-024A3C1BC265}.Release|iPhoneSimulator.Build.0 = Release|Any CPU
		{73168173-40E2-4FA4-842F-024A3C1BC265}.Release|iPhoneSimulator.Deploy.0 = Release|Any CPU
		{73168173-40E2-4FA4-842F-024A3C1BC265}.Release|x64.ActiveCfg = Release|x64
		{73168173-40E2-4FA4-842F-024A3C1BC265}.Release|x64.Build.0 = Release|x64
		{73168173-40E2-4FA4-842F-024A3C1BC265}.Release|x64.Deploy.0 = Release|x64
		{73168173-40E2-4FA4-842F-024A3C1BC265}.Release|x86.ActiveCfg = Release|x86
		{73168173-40E2-4FA4-842F-024A3C1BC265}.Release|x86.Build.0 = Release|x86
		{73168173-40E2-4FA4-842F-024A3C1BC265}.Release|x86.Deploy.0 = Release|x86
	EndGlobalSection
	GlobalSection(SolutionProperties) = preSolution
		HideSolutionNode = FALSE
	EndGlobalSection
EndGlobal
